
Microsoft Visual Studio Solution File, Format Version 12.00
# Visual Studio Version 17
VisualStudioVersion = 17.9.34728.123
MinimumVisualStudioVersion = 10.0.40219.1
Project("{9A19103F-16F7-4668-BE54-9A1E7A4F7556}") = "Xin.NetTool", "Xin.NetTool\Xin.NetTool.csproj", "{77060354-23EE-4AEB-ABE3-6CA9CBCAE4BE}"
EndProject
Project("{9A19103F-16F7-4668-BE54-9A1E7A4F7556}") = "ConsoleApp2", "ConsoleApp2\ConsoleApp2.csproj", "{19732A33-D9A1-4EB9-959D-20AB32B7C52E}"
EndProject
Project("{9A19103F-16F7-4668-BE54-9A1E7A4F7556}") = "AspnetcoreTool", "AspnetcoreTool\AspnetcoreTool.csproj", "{FF52D407-7AC4-46FC-AB2A-BA8C61F2BAF2}"
EndProject
Global
	GlobalSection(SolutionConfigurationPlatforms) = preSolution
		Debug|Any CPU = Debug|Any CPU
		Release|Any CPU = Release|Any CPU
	EndGlobalSection
	GlobalSection(ProjectConfigurationPlatforms) = postSolution
		{77060354-23EE-4AEB-ABE3-6CA9CBCAE4BE}.Debug|Any CPU.ActiveCfg = Debug|Any CPU
		{77060354-23EE-4AEB-ABE3-6CA9CBCAE4BE}.Debug|Any CPU.Build.0 = Debug|Any CPU
		{77060354-23EE-4AEB-ABE3-6CA9CBCAE4BE}.Release|Any CPU.ActiveCfg = Release|Any CPU
		{77060354-23EE-4AEB-ABE3-6CA9CBCAE4BE}.Release|Any CPU.Build.0 = Release|Any CPU
		{19732A33-D9A1-4EB9-959D-20AB32B7C52E}.Debug|Any CPU.ActiveCfg = Debug|Any CPU
		{19732A33-D9A1-4EB9-959D-20AB32B7C52E}.Debug|Any CPU.Build.0 = Debug|Any CPU
		{19732A33-D9A1-4EB9-959D-20AB32B7C52E}.Release|Any CPU.ActiveCfg = Release|Any CPU
		{19732A33-D9A1-4EB9-959D-20AB32B7C52E}.Release|Any CPU.Build.0 = Release|Any CPU
		{FF52D407-7AC4-46FC-AB2A-BA8C61F2BAF2}.Debug|Any CPU.ActiveCfg = Debug|Any CPU
		{FF52D407-7AC4-46FC-AB2A-BA8C61F2BAF2}.Debug|Any CPU.Build.0 = Debug|Any CPU
		{FF52D407-7AC4-46FC-AB2A-BA8C61F2BAF2}.Release|Any CPU.ActiveCfg = Release|Any CPU
		{FF52D407-7AC4-46FC-AB2A-BA8C61F2BAF2}.Release|Any CPU.Build.0 = Release|Any CPU
	EndGlobalSection
	GlobalSection(SolutionProperties) = preSolution
		HideSolutionNode = FALSE
	EndGlobalSection
	GlobalSection(ExtensibilityGlobals) = postSolution
		SolutionGuid = {DB898827-F1BF-46E5-A056-0D725C7C240A}
	EndGlobalSection
EndGlobal
